
Microsoft Visual Studio Solution File, Format Version 12.00
# Visual Studio 15
VisualStudioVersion = 15.0.27130.2027
MinimumVisualStudioVersion = 10.0.40219.1
Project("{8BC9CEB8-8B4A-11D0-8D11-00A0C91BC942}") = "OpenGL_3", "OpenGL_3.vcxproj", "{CD10547D-BC57-4633-9F22-7D64DB93218F}"
EndProject
Global
	GlobalSection(SolutionConfigurationPlatforms) = preSolution
		Debug|x64 = Debug|x64
		Debug|x86 = Debug|x86
		Release|x64 = Release|x64
		Release|x86 = Release|x86
	EndGlobalSection
	GlobalSection(ProjectConfigurationPlatforms) = postSolution
		{CD10547D-BC57-4633-9F22-7D64DB93218F}.Debug|x64.ActiveCfg = Debug|x64
		{CD10547D-BC57-4633-9F22-7D64DB93218F}.Debug|x64.Build.0 = Debug|x64
		{CD10547D-BC57-4633-9F22-7D64DB93218F}.Debug|x86.ActiveCfg = Debug|Win32
		{CD10547D-BC57-4633-9F22-7D64DB93218F}.Debug|x86.Build.0 = Debug|Win32
		{CD10547D-BC57-4633-9F22-7D64DB93218F}.Release|x64.ActiveCfg = Release|x64
		{CD10547D-BC57-4633-9F22-7D64DB93218F}.Release|x64.Build.0 = Release|x64
		{CD10547D-BC57-4633-9F22-7D64DB93218F}.Release|x86.ActiveCfg = Release|Win32
		{CD10547D-BC57-4633-9F22-7D64DB93218F}.Release|x86.Build.0 = Release|Win32
	EndGlobalSection
	GlobalSection(SolutionProperties) = preSolution
		HideSolutionNode = FALSE
	EndGlobalSection
	GlobalSection(ExtensibilityGlobals) = postSolution
		SolutionGuid = {2D20EFF6-DD50-4ECA-9767-C7EE7CE6C6E8}
	EndGlobalSection
EndGlobal
