
Microsoft Visual Studio Solution File, Format Version 12.00
# Visual Studio 15
VisualStudioVersion = 15.0.27130.2027
MinimumVisualStudioVersion = 10.0.40219.1
Project("{8BC9CEB8-8B4A-11D0-8D11-00A0C91BC942}") = "OpenGL_5", "OpenGL_5.vcxproj", "{645A55D4-4EB8-42B0-B1E6-D95EA6C17640}"
EndProject
Global
	GlobalSection(SolutionConfigurationPlatforms) = preSolution
		Debug|x64 = Debug|x64
		Debug|x86 = Debug|x86
		Release|x64 = Release|x64
		Release|x86 = Release|x86
	EndGlobalSection
	GlobalSection(ProjectConfigurationPlatforms) = postSolution
		{645A55D4-4EB8-42B0-B1E6-D95EA6C17640}.Debug|x64.ActiveCfg = Debug|x64
		{645A55D4-4EB8-42B0-B1E6-D95EA6C17640}.Debug|x64.Build.0 = Debug|x64
		{645A55D4-4EB8-42B0-B1E6-D95EA6C17640}.Debug|x86.ActiveCfg = Debug|Win32
		{645A55D4-4EB8-42B0-B1E6-D95EA6C17640}.Debug|x86.Build.0 = Debug|Win32
		{645A55D4-4EB8-42B0-B1E6-D95EA6C17640}.Release|x64.ActiveCfg = Release|x64
		{645A55D4-4EB8-42B0-B1E6-D95EA6C17640}.Release|x64.Build.0 = Release|x64
		{645A55D4-4EB8-42B0-B1E6-D95EA6C17640}.Release|x86.ActiveCfg = Release|Win32
		{645A55D4-4EB8-42B0-B1E6-D95EA6C17640}.Release|x86.Build.0 = Release|Win32
	EndGlobalSection
	GlobalSection(SolutionProperties) = preSolution
		HideSolutionNode = FALSE
	EndGlobalSection
	GlobalSection(ExtensibilityGlobals) = postSolution
		SolutionGuid = {9A41B354-96A3-48F8-A919-DC8D5013B9B7}
	EndGlobalSection
EndGlobal
